
Microsoft Visual Studio Solution File, Format Version 12.00
# Visual Studio 15
VisualStudioVersion = 15.0.28307.271
MinimumVisualStudioVersion = 10.0.40219.1
Project("{888888A0-9F3D-457C-B088-3A5042F75D52}") = "01_Word_Cloud", "01_Word_Cloud\01_Word_Cloud.pyproj", "{F8284D3E-B46D-49F3-B6A5-B9D977E72BA1}"
EndProject
Project("{888888A0-9F3D-457C-B088-3A5042F75D52}") = "02_Style_Transfer", "02_Style_Transfer\02_Style_Transfer.pyproj", "{6C8FE7B2-82AE-440A-82FB-76BD5D00FFA0}"
EndProject
Global
	GlobalSection(SolutionConfigurationPlatforms) = preSolution
		Debug|Any CPU = Debug|Any CPU
		Release|Any CPU = Release|Any CPU
	EndGlobalSection
	GlobalSection(ProjectConfigurationPlatforms) = postSolution
		{F8284D3E-B46D-49F3-B6A5-B9D977E72BA1}.Debug|Any CPU.ActiveCfg = Debug|Any CPU
		{F8284D3E-B46D-49F3-B6A5-B9D977E72BA1}.Release|Any CPU.ActiveCfg = Release|Any CPU
		{6C8FE7B2-82AE-440A-82FB-76BD5D00FFA0}.Debug|Any CPU.ActiveCfg = Debug|Any CPU
		{6C8FE7B2-82AE-440A-82FB-76BD5D00FFA0}.Release|Any CPU.ActiveCfg = Release|Any CPU
	EndGlobalSection
	GlobalSection(SolutionProperties) = preSolution
		HideSolutionNode = FALSE
	EndGlobalSection
	GlobalSection(ExtensibilityGlobals) = postSolution
		SolutionGuid = {DBA50668-0511-40EE-BA31-F84735C703AB}
	EndGlobalSection
EndGlobal
